
Microsoft Visual Studio Solution File, Format Version 12.00
# Visual Studio Version 16
VisualStudioVersion = 16.0.31410.357
MinimumVisualStudioVersion = 10.0.40219.1
Project("{FAE04EC0-301F-11D3-BF4B-00C04F79EFBC}") = "u20502509_HW03", "u20502509_HW03\u20502509_HW03.csproj", "{CD5445E6-5A72-4689-8DFC-F0A89DC4EBEB}"
EndProject
Global
	GlobalSection(SolutionConfigurationPlatforms) = preSolution
		Debug|Any CPU = Debug|Any CPU
		Release|Any CPU = Release|Any CPU
	EndGlobalSection
	GlobalSection(ProjectConfigurationPlatforms) = postSolution
		{CD5445E6-5A72-4689-8DFC-F0A89DC4EBEB}.Debug|Any CPU.ActiveCfg = Debug|Any CPU
		{CD5445E6-5A72-4689-8DFC-F0A89DC4EBEB}.Debug|Any CPU.Build.0 = Debug|Any CPU
		{CD5445E6-5A72-4689-8DFC-F0A89DC4EBEB}.Release|Any CPU.ActiveCfg = Release|Any CPU
		{CD5445E6-5A72-4689-8DFC-F0A89DC4EBEB}.Release|Any CPU.Build.0 = Release|Any CPU
	EndGlobalSection
	GlobalSection(SolutionProperties) = preSolution
		HideSolutionNode = FALSE
	EndGlobalSection
	GlobalSection(ExtensibilityGlobals) = postSolution
		SolutionGuid = {206A778B-52E6-4634-91CA-182DDEDEA784}
	EndGlobalSection
EndGlobal
